// !$*UTF8*$!
{
	archiveVersion = 1;
	classes = {
	};
	objectVersion = 55;
	objects = {

/* Begin PBXBuildFile section */
		D5C055D229290F2900623D5E /* AppDelegate.swift in Sources */ = {isa = PBXBuildFile; fileRef = D5C055D129290F2900623D5E /* AppDelegate.swift */; };
		D5C055D429290F2900623D5E /* SceneDelegate.swift in Sources */ = {isa = PBXBuildFile; fileRef = D5C055D329290F2900623D5E /* SceneDelegate.swift */; };
		D5C055DB29290F2B00623D5E /* Assets.xcassets in Resources */ = {isa = PBXBuildFile; fileRef = D5C055DA29290F2B00623D5E /* Assets.xcassets */; };
		D5C055DE29290F2B00623D5E /* LaunchScreen.storyboard in Resources */ = {isa = PBXBuildFile; fileRef = D5C055DC29290F2B00623D5E /* LaunchScreen.storyboard */; };
		D5C055E929290F2B00623D5E /* HalanAssessmentTests.swift in Sources */ = {isa = PBXBuildFile; fileRef = D5C055E829290F2B00623D5E /* HalanAssessmentTests.swift */; };
		D5C055F329290F2B00623D5E /* HalanAssessmentUITests.swift in Sources */ = {isa = PBXBuildFile; fileRef = D5C055F229290F2B00623D5E /* HalanAssessmentUITests.swift */; };
		D5C055F529290F2B00623D5E /* HalanAssessmentUITestsLaunchTests.swift in Sources */ = {isa = PBXBuildFile; fileRef = D5C055F429290F2B00623D5E /* HalanAssessmentUITestsLaunchTests.swift */; };
		D5C056072929103B00623D5E /* TwitterViewController.swift in Sources */ = {isa = PBXBuildFile; fileRef = D5C056062929103B00623D5E /* TwitterViewController.swift */; };
		D5C0560D292967EA00623D5E /* BaseNavigationController.swift in Sources */ = {isa = PBXBuildFile; fileRef = D5C0560C292967E900623D5E /* BaseNavigationController.swift */; };
		D5C056102929713100623D5E /* TwitterCounterPackage in Frameworks */ = {isa = PBXBuildFile; productRef = D5C0560F2929713100623D5E /* TwitterCounterPackage */; };
/* End PBXBuildFile section */

/* Begin PBXContainerItemProxy section */
		D5C055E529290F2B00623D5E /* PBXContainerItemProxy */ = {
			isa = PBXContainerItemProxy;
			containerPortal = D5C055C629290F2900623D5E /* Project object */;
			proxyType = 1;
			remoteGlobalIDString = D5C055CD29290F2900623D5E;
			remoteInfo = HalanAssessment;
		};
		D5C055EF29290F2B00623D5E /* PBXContainerItemProxy */ = {
			isa = PBXContainerItemProxy;
			containerPortal = D5C055C629290F2900623D5E /* Project object */;
			proxyType = 1;
			remoteGlobalIDString = D5C055CD29290F2900623D5E;
			remoteInfo = HalanAssessment;
		};
/* End PBXContainerItemProxy section */

/* Begin PBXFileReference section */
		D5C055CE29290F2900623D5E /* HalanAssessment.app */ = {isa = PBXFileReference; explicitFileType = wrapper.application; includeInIndex = 0; path = HalanAssessment.app; sourceTree = BUILT_PRODUCTS_DIR; };
		D5C055D129290F2900623D5E /* AppDelegate.swift */ = {isa = PBXFileReference; lastKnownFileType = sourcecode.swift; path = AppDelegate.swift; sourceTree = "<group>"; };
		D5C055D329290F2900623D5E /* SceneDelegate.swift */ = {isa = PBXFileReference; lastKnownFileType = sourcecode.swift; path = SceneDelegate.swift; sourceTree = "<group>"; };
		D5C055DA29290F2B00623D5E /* Assets.xcassets */ = {isa = PBXFileReference; lastKnownFileType = folder.assetcatalog; path = Assets.xcassets; sourceTree = "<group>"; };
		D5C055DD29290F2B00623D5E /* Base */ = {isa = PBXFileReference; lastKnownFileType = file.storyboard; name = Base; path = Base.lproj/LaunchScreen.storyboard; sourceTree = "<group>"; };
		D5C055DF29290F2B00623D5E /* Info.plist */ = {isa = PBXFileReference; lastKnownFileType = text.plist.xml; path = Info.plist; sourceTree = "<group>"; };
		D5C055E429290F2B00623D5E /* HalanAssessmentTests.xctest */ = {isa = PBXFileReference; explicitFileType = wrapper.cfbundle; includeInIndex = 0; path = HalanAssessmentTests.xctest; sourceTree = BUILT_PRODUCTS_DIR; };
		D5C055E829290F2B00623D5E /* HalanAssessmentTests.swift */ = {isa = PBXFileReference; lastKnownFileType = sourcecode.swift; path = HalanAssessmentTests.swift; sourceTree = "<group>"; };
		D5C055EE29290F2B00623D5E /* HalanAssessmentUITests.xctest */ = {isa = PBXFileReference; explicitFileType = wrapper.cfbundle; includeInIndex = 0; path = HalanAssessmentUITests.xctest; sourceTree = BUILT_PRODUCTS_DIR; };
		D5C055F229290F2B00623D5E /* HalanAssessmentUITests.swift */ = {isa = PBXFileReference; lastKnownFileType = sourcecode.swift; path = HalanAssessmentUITests.swift; sourceTree = "<group>"; };
		D5C055F429290F2B00623D5E /* HalanAssessmentUITestsLaunchTests.swift */ = {isa = PBXFileReference; lastKnownFileType = sourcecode.swift; path = HalanAssessmentUITestsLaunchTests.swift; sourceTree = "<group>"; };
		D5C056062929103B00623D5E /* TwitterViewController.swift */ = {isa = PBXFileReference; lastKnownFileType = sourcecode.swift; path = TwitterViewController.swift; sourceTree = "<group>"; };
		D5C0560C292967E900623D5E /* BaseNavigationController.swift */ = {isa = PBXFileReference; lastKnownFileType = sourcecode.swift; path = BaseNavigationController.swift; sourceTree = "<group>"; };
/* End PBXFileReference section */

/* Begin PBXFrameworksBuildPhase section */
		D5C055CB29290F2900623D5E /* Frameworks */ = {
			isa = PBXFrameworksBuildPhase;
			buildActionMask = 2147483647;
			files = (
				D5C056102929713100623D5E /* TwitterCounterPackage in Frameworks */,
			);
			runOnlyForDeploymentPostprocessing = 0;
		};
		D5C055E129290F2B00623D5E /* Frameworks */ = {
			isa = PBXFrameworksBuildPhase;
			buildActionMask = 2147483647;
			files = (
			);
			runOnlyForDeploymentPostprocessing = 0;
		};
		D5C055EB29290F2B00623D5E /* Frameworks */ = {
			isa = PBXFrameworksBuildPhase;
			buildActionMask = 2147483647;
			files = (
			);
			runOnlyForDeploymentPostprocessing = 0;
		};
/* End PBXFrameworksBuildPhase section */

/* Begin PBXGroup section */
		D5C055C529290F2900623D5E = {
			isa = PBXGroup;
			children = (
				D5C055D029290F2900623D5E /* HalanAssessment */,
				D5C055E729290F2B00623D5E /* HalanAssessmentTests */,
				D5C055F129290F2B00623D5E /* HalanAssessmentUITests */,
				D5C055CF29290F2900623D5E /* Products */,
				D5C056082929106100623D5E /* Frameworks */,
			);
			sourceTree = "<group>";
		};
		D5C055CF29290F2900623D5E /* Products */ = {
			isa = PBXGroup;
			children = (
				D5C055CE29290F2900623D5E /* HalanAssessment.app */,
				D5C055E429290F2B00623D5E /* HalanAssessmentTests.xctest */,
				D5C055EE29290F2B00623D5E /* HalanAssessmentUITests.xctest */,
			);
			name = Products;
			sourceTree = "<group>";
		};
		D5C055D029290F2900623D5E /* HalanAssessment */ = {
			isa = PBXGroup;
			children = (
				D5C0560229290FAD00623D5E /* Configuration */,
				D5C0560B292967C900623D5E /* Utilities */,
				D5C056032929100B00623D5E /* Modules */,
			);
			path = HalanAssessment;
			sourceTree = "<group>";
		};
		D5C055E729290F2B00623D5E /* HalanAssessmentTests */ = {
			isa = PBXGroup;
			children = (
				D5C055E829290F2B00623D5E /* HalanAssessmentTests.swift */,
			);
			path = HalanAssessmentTests;
			sourceTree = "<group>";
		};
		D5C055F129290F2B00623D5E /* HalanAssessmentUITests */ = {
			isa = PBXGroup;
			children = (
				D5C055F229290F2B00623D5E /* HalanAssessmentUITests.swift */,
				D5C055F429290F2B00623D5E /* HalanAssessmentUITestsLaunchTests.swift */,
			);
			path = HalanAssessmentUITests;
			sourceTree = "<group>";
		};
		D5C0560229290FAD00623D5E /* Configuration */ = {
			isa = PBXGroup;
			children = (
				D5C055D129290F2900623D5E /* AppDelegate.swift */,
				D5C055D329290F2900623D5E /* SceneDelegate.swift */,
				D5C055DA29290F2B00623D5E /* Assets.xcassets */,
				D5C055DC29290F2B00623D5E /* LaunchScreen.storyboard */,
				D5C055DF29290F2B00623D5E /* Info.plist */,
			);
			path = Configuration;
			sourceTree = "<group>";
		};
		D5C056032929100B00623D5E /* Modules */ = {
			isa = PBXGroup;
			children = (
				D5C056042929101F00623D5E /* Twitter */,
			);
			path = Modules;
			sourceTree = "<group>";
		};
		D5C056042929101F00623D5E /* Twitter */ = {
			isa = PBXGroup;
			children = (
				D5C056052929102A00623D5E /* View */,
			);
			path = Twitter;
			sourceTree = "<group>";
		};
		D5C056052929102A00623D5E /* View */ = {
			isa = PBXGroup;
			children = (
				D5C056062929103B00623D5E /* TwitterViewController.swift */,
			);
			path = View;
			sourceTree = "<group>";
		};
		D5C056082929106100623D5E /* Frameworks */ = {
			isa = PBXGroup;
			children = (
			);
			name = Frameworks;
			sourceTree = "<group>";
		};
		D5C0560B292967C900623D5E /* Utilities */ = {
			isa = PBXGroup;
			children = (
				D5C0560C292967E900623D5E /* BaseNavigationController.swift */,
			);
			path = Utilities;
			sourceTree = "<group>";
		};
/* End PBXGroup section */

/* Begin PBXNativeTarget section */
		D5C055CD29290F2900623D5E /* HalanAssessment */ = {
			isa = PBXNativeTarget;
			buildConfigurationList = D5C055F829290F2B00623D5E /* Build configuration list for PBXNativeTarget "HalanAssessment" */;
			buildPhases = (
				D5C055CA29290F2900623D5E /* Sources */,
				D5C055CB29290F2900623D5E /* Frameworks */,
				D5C055CC29290F2900623D5E /* Resources */,
			);
			buildRules = (
			);
			dependencies = (
			);
			name = HalanAssessment;
			packageProductDependencies = (
				D5C0560F2929713100623D5E /* TwitterCounterPackage */,
			);
			productName = HalanAssessment;
			productReference = D5C055CE29290F2900623D5E /* HalanAssessment.app */;
			productType = "com.apple.product-type.application";
		};
		D5C055E329290F2B00623D5E /* HalanAssessmentTests */ = {
			isa = PBXNativeTarget;
			buildConfigurationList = D5C055FB29290F2B00623D5E /* Build configuration list for PBXNativeTarget "HalanAssessmentTests" */;
			buildPhases = (
				D5C055E029290F2B00623D5E /* Sources */,
				D5C055E129290F2B00623D5E /* Frameworks */,
				D5C055E229290F2B00623D5E /* Resources */,
			);
			buildRules = (
			);
			dependencies = (
				D5C055E629290F2B00623D5E /* PBXTargetDependency */,
			);
			name = HalanAssessmentTests;
			productName = HalanAssessmentTests;
			productReference = D5C055E429290F2B00623D5E /* HalanAssessmentTests.xctest */;
			productType = "com.apple.product-type.bundle.unit-test";
		};
		D5C055ED29290F2B00623D5E /* HalanAssessmentUITests */ = {
			isa = PBXNativeTarget;
			buildConfigurationList = D5C055FE29290F2B00623D5E /* Build configuration list for PBXNativeTarget "HalanAssessmentUITests" */;
			buildPhases = (
				D5C055EA29290F2B00623D5E /* Sources */,
				D5C055EB29290F2B00623D5E /* Frameworks */,
				D5C055EC29290F2B00623D5E /* Resources */,
			);
			buildRules = (
			);
			dependencies = (
				D5C055F029290F2B00623D5E /* PBXTargetDependency */,
			);
			name = HalanAssessmentUITests;
			productName = HalanAssessmentUITests;
			productReference = D5C055EE29290F2B00623D5E /* HalanAssessmentUITests.xctest */;
			productType = "com.apple.product-type.bundle.ui-testing";
		};
/* End PBXNativeTarget section */

/* Begin PBXProject section */
		D5C055C629290F2900623D5E /* Project object */ = {
			isa = PBXProject;
			attributes = {
				BuildIndependentTargetsInParallel = 1;
				LastSwiftUpdateCheck = 1340;
				LastUpgradeCheck = 1340;
				TargetAttributes = {
					D5C055CD29290F2900623D5E = {
						CreatedOnToolsVersion = 13.4.1;
					};
					D5C055E329290F2B00623D5E = {
						CreatedOnToolsVersion = 13.4.1;
						TestTargetID = D5C055CD29290F2900623D5E;
					};
					D5C055ED29290F2B00623D5E = {
						CreatedOnToolsVersion = 13.4.1;
						TestTargetID = D5C055CD29290F2900623D5E;
					};
				};
			};
			buildConfigurationList = D5C055C929290F2900623D5E /* Build configuration list for PBXProject "HalanAssessment" */;
			compatibilityVersion = "Xcode 13.0";
			developmentRegion = en;
			hasScannedForEncodings = 0;
			knownRegions = (
				en,
				Base,
			);
			mainGroup = D5C055C529290F2900623D5E;
			packageReferences = (
				D5C0560E2929713100623D5E /* XCRemoteSwiftPackageReference "TwitterCounterPackage" */,
			);
			productRefGroup = D5C055CF29290F2900623D5E /* Products */;
			projectDirPath = "";
			projectRoot = "";
			targets = (
				D5C055CD29290F2900623D5E /* HalanAssessment */,
				D5C055E329290F2B00623D5E /* HalanAssessmentTests */,
				D5C055ED29290F2B00623D5E /* HalanAssessmentUITests */,
			);
		};
/* End PBXProject section */

/* Begin PBXResourcesBuildPhase section */
		D5C055CC29290F2900623D5E /* Resources */ = {
			isa = PBXResourcesBuildPhase;
			buildActionMask = 2147483647;
			files = (
				D5C055DE29290F2B00623D5E /* LaunchScreen.storyboard in Resources */,
				D5C055DB29290F2B00623D5E /* Assets.xcassets in Resources */,
			);
			runOnlyForDeploymentPostprocessing = 0;
		};
		D5C055E229290F2B00623D5E /* Resources */ = {
			isa = PBXResourcesBuildPhase;
			buildActionMask = 2147483647;
			files = (
			);
			runOnlyForDeploymentPostprocessing = 0;
		};
		D5C055EC29290F2B00623D5E /* Resources */ = {
			isa = PBXResourcesBuildPhase;
			buildActionMask = 2147483647;
			files = (
			);
			runOnlyForDeploymentPostprocessing = 0;
		};
/* End PBXResourcesBuildPhase section */

/* Begin PBXSourcesBuildPhase section */
		D5C055CA29290F2900623D5E /* Sources */ = {
			isa = PBXSourcesBuildPhase;
			buildActionMask = 2147483647;
			files = (
				D5C0560D292967EA00623D5E /* BaseNavigationController.swift in Sources */,
				D5C056072929103B00623D5E /* TwitterViewController.swift in Sources */,
				D5C055D229290F2900623D5E /* AppDelegate.swift in Sources */,
				D5C055D429290F2900623D5E /* SceneDelegate.swift in Sources */,
			);
			runOnlyForDeploymentPostprocessing = 0;
		};
		D5C055E029290F2B00623D5E /* Sources */ = {
			isa = PBXSourcesBuildPhase;
			buildActionMask = 2147483647;
			files = (
				D5C055E929290F2B00623D5E /* HalanAssessmentTests.swift in Sources */,
			);
			runOnlyForDeploymentPostprocessing = 0;
		};
		D5C055EA29290F2B00623D5E /* Sources */ = {
			isa = PBXSourcesBuildPhase;
			buildActionMask = 2147483647;
			files = (
				D5C055F329290F2B00623D5E /* HalanAssessmentUITests.swift in Sources */,
				D5C055F529290F2B00623D5E /* HalanAssessmentUITestsLaunchTests.swift in Sources */,
			);
			runOnlyForDeploymentPostprocessing = 0;
		};
/* End PBXSourcesBuildPhase section */

/* Begin PBXTargetDependency section */
		D5C055E629290F2B00623D5E /* PBXTargetDependency */ = {
			isa = PBXTargetDependency;
			target = D5C055CD29290F2900623D5E /* HalanAssessment */;
			targetProxy = D5C055E529290F2B00623D5E /* PBXContainerItemProxy */;
		};
		D5C055F029290F2B00623D5E /* PBXTargetDependency */ = {
			isa = PBXTargetDependency;
			target = D5C055CD29290F2900623D5E /* HalanAssessment */;
			targetProxy = D5C055EF29290F2B00623D5E /* PBXContainerItemProxy */;
		};
/* End PBXTargetDependency section */

/* Begin PBXVariantGroup section */
		D5C055DC29290F2B00623D5E /* LaunchScreen.storyboard */ = {
			isa = PBXVariantGroup;
			children = (
				D5C055DD29290F2B00623D5E /* Base */,
			);
			name = LaunchScreen.storyboard;
			sourceTree = "<group>";
		};
/* End PBXVariantGroup section */

/* Begin XCBuildConfiguration section */
		D5C055F629290F2B00623D5E /* Debug */ = {
			isa = XCBuildConfiguration;
			buildSettings = {
				ALWAYS_SEARCH_USER_PATHS = NO;
				CLANG_ANALYZER_NONNULL = YES;
				CLANG_ANALYZER_NUMBER_OBJECT_CONVERSION = YES_AGGRESSIVE;
				CLANG_CXX_LANGUAGE_STANDARD = "gnu++17";
				CLANG_ENABLE_MODULES = YES;
				CLANG_ENABLE_OBJC_ARC = YES;
				CLANG_ENABLE_OBJC_WEAK = YES;
				CLANG_WARN_BLOCK_CAPTURE_AUTORELEASING = YES;
				CLANG_WARN_BOOL_CONVERSION = YES;
				CLANG_WARN_COMMA = YES;
				CLANG_WARN_CONSTANT_CONVERSION = YES;
				CLANG_WARN_DEPRECATED_OBJC_IMPLEMENTATIONS = YES;
				CLANG_WARN_DIRECT_OBJC_ISA_USAGE = YES_ERROR;
				CLANG_WARN_DOCUMENTATION_COMMENTS = YES;
				CLANG_WARN_EMPTY_BODY = YES;
				CLANG_WARN_ENUM_CONVERSION = YES;
				CLANG_WARN_INFINITE_RECURSION = YES;
				CLANG_WARN_INT_CONVERSION = YES;
				CLANG_WARN_NON_LITERAL_NULL_CONVERSION = YES;
				CLANG_WARN_OBJC_IMPLICIT_RETAIN_SELF = YES;
				CLANG_WARN_OBJC_LITERAL_CONVERSION = YES;
				CLANG_WARN_OBJC_ROOT_CLASS = YES_ERROR;
				CLANG_WARN_QUOTED_INCLUDE_IN_FRAMEWORK_HEADER = YES;
				CLANG_WARN_RANGE_LOOP_ANALYSIS = YES;
				CLANG_WARN_STRICT_PROTOTYPES = YES;
				CLANG_WARN_SUSPICIOUS_MOVE = YES;
				CLANG_WARN_UNGUARDED_AVAILABILITY = YES_AGGRESSIVE;
				CLANG_WARN_UNREACHABLE_CODE = YES;
				CLANG_WARN__DUPLICATE_METHOD_MATCH = YES;
				COPY_PHASE_STRIP = NO;
				DEBUG_INFORMATION_FORMAT = dwarf;
				ENABLE_STRICT_OBJC_MSGSEND = YES;
				ENABLE_TESTABILITY = YES;
				GCC_C_LANGUAGE_STANDARD = gnu11;
				GCC_DYNAMIC_NO_PIC = NO;
				GCC_NO_COMMON_BLOCKS = YES;
				GCC_OPTIMIZATION_LEVEL = 0;
				GCC_PREPROCESSOR_DEFINITIONS = (
					"DEBUG=1",
					"$(inherited)",
				);
				GCC_WARN_64_TO_32_BIT_CONVERSION = YES;
				GCC_WARN_ABOUT_RETURN_TYPE = YES_ERROR;
				GCC_WARN_UNDECLARED_SELECTOR = YES;
				GCC_WARN_UNINITIALIZED_AUTOS = YES_AGGRESSIVE;
				GCC_WARN_UNUSED_FUNCTION = YES;
				GCC_WARN_UNUSED_VARIABLE = YES;
				IPHONEOS_DEPLOYMENT_TARGET = 15.5;
				MTL_ENABLE_DEBUG_INFO = INCLUDE_SOURCE;
				MTL_FAST_MATH = YES;
				ONLY_ACTIVE_ARCH = YES;
				SDKROOT = iphoneos;
				SWIFT_ACTIVE_COMPILATION_CONDITIONS = DEBUG;
				SWIFT_OPTIMIZATION_LEVEL = "-Onone";
			};
			name = Debug;
		};
		D5C055F729290F2B00623D5E /* Release */ = {
			isa = XCBuildConfiguration;
			buildSettings = {
				ALWAYS_SEARCH_USER_PATHS = NO;
				CLANG_ANALYZER_NONNULL = YES;
				CLANG_ANALYZER_NUMBER_OBJECT_CONVERSION = YES_AGGRESSIVE;
				CLANG_CXX_LANGUAGE_STANDARD = "gnu++17";
				CLANG_ENABLE_MODULES = YES;
				CLANG_ENABLE_OBJC_ARC = YES;
				CLANG_ENABLE_OBJC_WEAK = YES;
				CLANG_WARN_BLOCK_CAPTURE_AUTORELEASING = YES;
				CLANG_WARN_BOOL_CONVERSION = YES;
				CLANG_WARN_COMMA = YES;
				CLANG_WARN_CONSTANT_CONVERSION = YES;
				CLANG_WARN_DEPRECATED_OBJC_IMPLEMENTATIONS = YES;
				CLANG_WARN_DIRECT_OBJC_ISA_USAGE = YES_ERROR;
				CLANG_WARN_DOCUMENTATION_COMMENTS = YES;
				CLANG_WARN_EMPTY_BODY = YES;
				CLANG_WARN_ENUM_CONVERSION = YES;
				CLANG_WARN_INFINITE_RECURSION = YES;
				CLANG_WARN_INT_CONVERSION = YES;
				CLANG_WARN_NON_LITERAL_NULL_CONVERSION = YES;
				CLANG_WARN_OBJC_IMPLICIT_RETAIN_SELF = YES;
				CLANG_WARN_OBJC_LITERAL_CONVERSION = YES;
				CLANG_WARN_OBJC_ROOT_CLASS = YES_ERROR;
				CLANG_WARN_QUOTED_INCLUDE_IN_FRAMEWORK_HEADER = YES;
				CLANG_WARN_RANGE_LOOP_ANALYSIS = YES;
				CLANG_WARN_STRICT_PROTOTYPES = YES;
				CLANG_WARN_SUSPICIOUS_MOVE = YES;
				CLANG_WARN_UNGUARDED_AVAILABILITY = YES_AGGRESSIVE;
				CLANG_WARN_UNREACHABLE_CODE = YES;
				CLANG_WARN__DUPLICATE_METHOD_MATCH = YES;
				COPY_PHASE_STRIP = NO;
				DEBUG_INFORMATION_FORMAT = "dwarf-with-dsym";
				ENABLE_NS_ASSERTIONS = NO;
				ENABLE_STRICT_OBJC_MSGSEND = YES;
				GCC_C_LANGUAGE_STANDARD = gnu11;
				GCC_NO_COMMON_BLOCKS = YES;
				GCC_WARN_64_TO_32_BIT_CONVERSION = YES;
				GCC_WARN_ABOUT_RETURN_TYPE = YES_ERROR;
				GCC_WARN_UNDECLARED_SELECTOR = YES;
				GCC_WARN_UNINITIALIZED_AUTOS = YES_AGGRESSIVE;
				GCC_WARN_UNUSED_FUNCTION = YES;
				GCC_WARN_UNUSED_VARIABLE = YES;
				IPHONEOS_DEPLOYMENT_TARGET = 15.5;
				MTL_ENABLE_DEBUG_INFO = NO;
				MTL_FAST_MATH = YES;
				SDKROOT = iphoneos;
				SWIFT_COMPILATION_MODE = wholemodule;
				SWIFT_OPTIMIZATION_LEVEL = "-O";
				VALIDATE_PRODUCT = YES;
			};
			name = Release;
		};
		D5C055F929290F2B00623D5E /* Debug */ = {
			isa = XCBuildConfiguration;
			buildSettings = {
				ASSETCATALOG_COMPILER_APPICON_NAME = AppIcon;
				ASSETCATALOG_COMPILER_GLOBAL_ACCENT_COLOR_NAME = AccentColor;
				CODE_SIGN_STYLE = Automatic;
				CURRENT_PROJECT_VERSION = 1;
				DEVELOPMENT_TEAM = BDKH235AA2;
				GENERATE_INFOPLIST_FILE = YES;
				INFOPLIST_FILE = HalanAssessment/Configuration/Info.plist;
				INFOPLIST_KEY_UIApplicationSupportsIndirectInputEvents = YES;
				INFOPLIST_KEY_UILaunchStoryboardName = LaunchScreen;
				INFOPLIST_KEY_UISupportedInterfaceOrientations_iPad = "UIInterfaceOrientationPortrait UIInterfaceOrientationPortraitUpsideDown UIInterfaceOrientationLandscapeLeft UIInterfaceOrientationLandscapeRight";
				INFOPLIST_KEY_UISupportedInterfaceOrientations_iPhone = "UIInterfaceOrientationPortrait UIInterfaceOrientationLandscapeLeft UIInterfaceOrientationLandscapeRight";
				LD_RUNPATH_SEARCH_PATHS = (
					"$(inherited)",
					"@executable_path/Frameworks",
				);
				MARKETING_VERSION = 1.0;
				PRODUCT_BUNDLE_IDENTIFIER = com.HalanAssessment;
				PRODUCT_NAME = "$(TARGET_NAME)";
				SWIFT_EMIT_LOC_STRINGS = YES;
				SWIFT_VERSION = 5.0;
				TARGETED_DEVICE_FAMILY = "1,2";
			};
			name = Debug;
		};
		D5C055FA29290F2B00623D5E /* Release */ = {
			isa = XCBuildConfiguration;
			buildSettings = {
				ASSETCATALOG_COMPILER_APPICON_NAME = AppIcon;
				ASSETCATALOG_COMPILER_GLOBAL_ACCENT_COLOR_NAME = AccentColor;
				CODE_SIGN_STYLE = Automatic;
				CURRENT_PROJECT_VERSION = 1;
				DEVELOPMENT_TEAM = BDKH235AA2;
				GENERATE_INFOPLIST_FILE = YES;
				INFOPLIST_FILE = HalanAssessment/Configuration/Info.plist;
				INFOPLIST_KEY_UIApplicationSupportsIndirectInputEvents = YES;
				INFOPLIST_KEY_UILaunchStoryboardName = LaunchScreen;
				INFOPLIST_KEY_UISupportedInterfaceOrientations_iPad = "UIInterfaceOrientationPortrait UIInterfaceOrientationPortraitUpsideDown UIInterfaceOrientationLandscapeLeft UIInterfaceOrientationLandscapeRight";
				INFOPLIST_KEY_UISupportedInterfaceOrientations_iPhone = "UIInterfaceOrientationPortrait UIInterfaceOrientationLandscapeLeft UIInterfaceOrientationLandscapeRight";
				LD_RUNPATH_SEARCH_PATHS = (
					"$(inherited)",
					"@executable_path/Frameworks",
				);
				MARKETING_VERSION = 1.0;
				PRODUCT_BUNDLE_IDENTIFIER = com.HalanAssessment;
				PRODUCT_NAME = "$(TARGET_NAME)";
				SWIFT_EMIT_LOC_STRINGS = YES;
				SWIFT_VERSION = 5.0;
				TARGETED_DEVICE_FAMILY = "1,2";
			};
			name = Release;
		};
		D5C055FC29290F2B00623D5E /* Debug */ = {
			isa = XCBuildConfiguration;
			buildSettings = {
				ALWAYS_EMBED_SWIFT_STANDARD_LIBRARIES = YES;
				BUNDLE_LOADER = "$(TEST_HOST)";
				CODE_SIGN_STYLE = Automatic;
				CURRENT_PROJECT_VERSION = 1;
				DEVELOPMENT_TEAM = BDKH235AA2;
				GENERATE_INFOPLIST_FILE = YES;
				IPHONEOS_DEPLOYMENT_TARGET = 15.5;
				MARKETING_VERSION = 1.0;
				PRODUCT_BUNDLE_IDENTIFIER = com.HalanAssessmentTests;
				PRODUCT_NAME = "$(TARGET_NAME)";
				SWIFT_EMIT_LOC_STRINGS = NO;
				SWIFT_VERSION = 5.0;
				TARGETED_DEVICE_FAMILY = "1,2";
				TEST_HOST = "$(BUILT_PRODUCTS_DIR)/HalanAssessment.app/HalanAssessment";
			};
			name = Debug;
		};
		D5C055FD29290F2B00623D5E /* Release */ = {
			isa = XCBuildConfiguration;
			buildSettings = {
				ALWAYS_EMBED_SWIFT_STANDARD_LIBRARIES = YES;
				BUNDLE_LOADER = "$(TEST_HOST)";
				CODE_SIGN_STYLE = Automatic;
				CURRENT_PROJECT_VERSION = 1;
				DEVELOPMENT_TEAM = BDKH235AA2;
				GENERATE_INFOPLIST_FILE = YES;
				IPHONEOS_DEPLOYMENT_TARGET = 15.5;
				MARKETING_VERSION = 1.0;
				PRODUCT_BUNDLE_IDENTIFIER = com.HalanAssessmentTests;
				PRODUCT_NAME = "$(TARGET_NAME)";
				SWIFT_EMIT_LOC_STRINGS = NO;
				SWIFT_VERSION = 5.0;
				TARGETED_DEVICE_FAMILY = "1,2";
				TEST_HOST = "$(BUILT_PRODUCTS_DIR)/HalanAssessment.app/HalanAssessment";
			};
			name = Release;
		};
		D5C055FF29290F2B00623D5E /* Debug */ = {
			isa = XCBuildConfiguration;
			buildSettings = {
				ALWAYS_EMBED_SWIFT_STANDARD_LIBRARIES = YES;
				CODE_SIGN_STYLE = Automatic;
				CURRENT_PROJECT_VERSION = 1;
				DEVELOPMENT_TEAM = BDKH235AA2;
				GENERATE_INFOPLIST_FILE = YES;
				MARKETING_VERSION = 1.0;
				PRODUCT_BUNDLE_IDENTIFIER = com.HalanAssessmentUITests;
				PRODUCT_NAME = "$(TARGET_NAME)";
				SWIFT_EMIT_LOC_STRINGS = NO;
				SWIFT_VERSION = 5.0;
				TARGETED_DEVICE_FAMILY = "1,2";
				TEST_TARGET_NAME = HalanAssessment;
			};
			name = Debug;
		};
		D5C0560029290F2B00623D5E /* Release */ = {
			isa = XCBuildConfiguration;
			buildSettings = {
				ALWAYS_EMBED_SWIFT_STANDARD_LIBRARIES = YES;
				CODE_SIGN_STYLE = Automatic;
				CURRENT_PROJECT_VERSION = 1;
				DEVELOPMENT_TEAM = BDKH235AA2;
				GENERATE_INFOPLIST_FILE = YES;
				MARKETING_VERSION = 1.0;
				PRODUCT_BUNDLE_IDENTIFIER = com.HalanAssessmentUITests;
				PRODUCT_NAME = "$(TARGET_NAME)";
				SWIFT_EMIT_LOC_STRINGS = NO;
				SWIFT_VERSION = 5.0;
				TARGETED_DEVICE_FAMILY = "1,2";
				TEST_TARGET_NAME = HalanAssessment;
			};
			name = Release;
		};
/* End XCBuildConfiguration section */

/* Begin XCConfigurationList section */
		D5C055C929290F2900623D5E /* Build configuration list for PBXProject "HalanAssessment" */ = {
			isa = XCConfigurationList;
			buildConfigurations = (
				D5C055F629290F2B00623D5E /* Debug */,
				D5C055F729290F2B00623D5E /* Release */,
			);
			defaultConfigurationIsVisible = 0;
			defaultConfigurationName = Release;
		};
		D5C055F829290F2B00623D5E /* Build configuration list for PBXNativeTarget "HalanAssessment" */ = {
			isa = XCConfigurationList;
			buildConfigurations = (
				D5C055F929290F2B00623D5E /* Debug */,
				D5C055FA29290F2B00623D5E /* Release */,
			);
			defaultConfigurationIsVisible = 0;
			defaultConfigurationName = Release;
		};
		D5C055FB29290F2B00623D5E /* Build configuration list for PBXNativeTarget "HalanAssessmentTests" */ = {
			isa = XCConfigurationList;
			buildConfigurations = (
				D5C055FC29290F2B00623D5E /* Debug */,
				D5C055FD29290F2B00623D5E /* Release */,
			);
			defaultConfigurationIsVisible = 0;
			defaultConfigurationName = Release;
		};
		D5C055FE29290F2B00623D5E /* Build configuration list for PBXNativeTarget "HalanAssessmentUITests" */ = {
			isa = XCConfigurationList;
			buildConfigurations = (
				D5C055FF29290F2B00623D5E /* Debug */,
				D5C0560029290F2B00623D5E /* Release */,
			);
			defaultConfigurationIsVisible = 0;
			defaultConfigurationName = Release;
		};
/* End XCConfigurationList section */

/* Begin XCRemoteSwiftPackageReference section */
		D5C0560E2929713100623D5E /* XCRemoteSwiftPackageReference "TwitterCounterPackage" */ = {
			isa = XCRemoteSwiftPackageReference;
			repositoryURL = "https://github.com/KarimAdel17/TwitterCounterPackage.git";
			requirement = {
				branch = main;
				kind = branch;
			};
		};
/* End XCRemoteSwiftPackageReference section */

/* Begin XCSwiftPackageProductDependency section */
		D5C0560F2929713100623D5E /* TwitterCounterPackage */ = {
			isa = XCSwiftPackageProductDependency;
			package = D5C0560E2929713100623D5E /* XCRemoteSwiftPackageReference "TwitterCounterPackage" */;
			productName = TwitterCounterPackage;
		};
/* End XCSwiftPackageProductDependency section */
	};
	rootObject = D5C055C629290F2900623D5E /* Project object */;
}
